# This file is automatically @generated by Cargo.
# It is not intended for manual editing.
version = 4

[[package]]
name = "ali-coins-browser"
version = "0.1.0"
dependencies = [
 "ali-coins-core",
]

[[package]]
name = "ali-coins-cli"
version = "0.1.0"
dependencies = [
 "ali-coins-browser",
 "ali-coins-core",
 "ali-coins-flows",
]

[[package]]
name = "ali-coins-core"
version = "0.1.0"

[[package]]
name = "ali-coins-flows"
version = "0.1.0"
dependencies = [
 "ali-coins-browser",
 "ali-coins-core",
]
